
Microsoft Visual Studio Solution File, Format Version 12.00
# Visual Studio Version 17
VisualStudioVersion = 17.4.33122.133
MinimumVisualStudioVersion = 10.0.40219.1
Project("{FAE04EC0-301F-11D3-BF4B-00C04F79EFBC}") = "CollectorPhases", "CollectorPhases\CollectorPhases.csproj", "{C03716C2-5150-4A49-B516-5C53BF5AAFF9}"
EndProject
Project("{2150E333-8FDC-42A3-9474-1A3956D46DE8}") = "Solution Files", "Solution Files", "{340A741F-B234-40DC-B6B0-708D8FF6AD5D}"
	ProjectSection(SolutionItems) = preProject
		.github\workflows\build.yml = .github\workflows\build.yml
		.github\dependabot.yml = .github\dependabot.yml
		README.md = README.md
	EndProjectSection
EndProject
Global
	GlobalSection(SolutionConfigurationPlatforms) = preSolution
		Debug|Any CPU = Debug|Any CPU
		Release|Any CPU = Release|Any CPU
	EndGlobalSection
	GlobalSection(ProjectConfigurationPlatforms) = postSolution
		{C03716C2-5150-4A49-B516-5C53BF5AAFF9}.Debug|Any CPU.ActiveCfg = Debug|Any CPU
		{C03716C2-5150-4A49-B516-5C53BF5AAFF9}.Debug|Any CPU.Build.0 = Debug|Any CPU
		{C03716C2-5150-4A49-B516-5C53BF5AAFF9}.Release|Any CPU.ActiveCfg = Release|Any CPU
		{C03716C2-5150-4A49-B516-5C53BF5AAFF9}.Release|Any CPU.Build.0 = Release|Any CPU
	EndGlobalSection
	GlobalSection(SolutionProperties) = preSolution
		HideSolutionNode = FALSE
	EndGlobalSection
	GlobalSection(ExtensibilityGlobals) = postSolution
		SolutionGuid = {27FA456B-8BFB-4EE9-A0A1-08D23424C20A}
	EndGlobalSection
EndGlobal
